
Microsoft Visual Studio Solution File, Format Version 12.00
# Visual Studio 14
VisualStudioVersion = 14.0.23107.0
MinimumVisualStudioVersion = 10.0.40219.1
Project("{FAE04EC0-301F-11D3-BF4B-00C04F79EFBC}") = "SnapChallenge", "SnapChallenge\SnapChallenge.csproj", "{D1B9F49E-51E2-47FF-B219-A86C34120A27}"
EndProject
Project("{2150E333-8FDC-42A3-9474-1A3956D46DE8}") = "Readme", "Readme", "{2B8D1568-A376-425C-9E1A-1818247B3277}"
	ProjectSection(SolutionItems) = preProject
		README.MD = README.MD
	EndProjectSection
EndProject
Project("{FAE04EC0-301F-11D3-BF4B-00C04F79EFBC}") = "SnapChallenge.Data", "SnapChallenge.Data\SnapChallenge.Data.csproj", "{CA2B0A1E-7DDB-4E17-B85F-E26AD8F3CF4D}"
EndProject
Global
	GlobalSection(SolutionConfigurationPlatforms) = preSolution
		Debug|Any CPU = Debug|Any CPU
		Release|Any CPU = Release|Any CPU
	EndGlobalSection
	GlobalSection(ProjectConfigurationPlatforms) = postSolution
		{D1B9F49E-51E2-47FF-B219-A86C34120A27}.Debug|Any CPU.ActiveCfg = Debug|Any CPU
		{D1B9F49E-51E2-47FF-B219-A86C34120A27}.Debug|Any CPU.Build.0 = Debug|Any CPU
		{D1B9F49E-51E2-47FF-B219-A86C34120A27}.Release|Any CPU.ActiveCfg = Release|Any CPU
		{D1B9F49E-51E2-47FF-B219-A86C34120A27}.Release|Any CPU.Build.0 = Release|Any CPU
		{CA2B0A1E-7DDB-4E17-B85F-E26AD8F3CF4D}.Debug|Any CPU.ActiveCfg = Debug|Any CPU
		{CA2B0A1E-7DDB-4E17-B85F-E26AD8F3CF4D}.Debug|Any CPU.Build.0 = Debug|Any CPU
		{CA2B0A1E-7DDB-4E17-B85F-E26AD8F3CF4D}.Release|Any CPU.ActiveCfg = Release|Any CPU
		{CA2B0A1E-7DDB-4E17-B85F-E26AD8F3CF4D}.Release|Any CPU.Build.0 = Release|Any CPU
	EndGlobalSection
	GlobalSection(SolutionProperties) = preSolution
		HideSolutionNode = FALSE
	EndGlobalSection
EndGlobal
